{
  "nodes": {
    "base16": {
      "inputs": {
        "flake-utils": "flake-utils",
        "nixpkgs": [
          "nixpkgs"
        ]
      },
      "locked": {
        "lastModified": 1613923028,
        "narHash": "sha256-4RufOiI96MrQRHb1DvG38y3Qa5nnGjk+FXspXo7mxV0=",
        "owner": "lukebfox",
        "repo": "base16-nix",
        "rev": "30cf00e4f986403fe44d215fec203178e3b1eb83",
        "type": "github"
      },
      "original": {
        "owner": "lukebfox",
        "repo": "base16-nix",
        "type": "github"
      }
    },
    "darwin": {
      "inputs": {
        "nixpkgs": [
          "nixpkgs"
        ]
      },
      "locked": {
        "lastModified": 1648278671,
        "narHash": "sha256-1WrR9ex+rKTjZtODNUZQhkWYUprtfOkjOyo9YWL2NMs=",
        "owner": "LnL7",
        "repo": "nix-darwin",
        "rev": "4fdbb8168f61d31d3f90bb0d07f48de709c4fe79",
        "type": "github"
      },
      "original": {
        "owner": "LnL7",
        "repo": "nix-darwin",
        "type": "github"
      }
    },
    "deploy-rs": {
      "inputs": {
        "flake-compat": "flake-compat",
        "nixpkgs": [
          "nixpkgs"
        ],
        "utils": "utils"
      },
      "locked": {
        "lastModified": 1648475189,
        "narHash": "sha256-gAGAS6IagwoUr1B0ohE3iR6sZ8hP4LSqzYLC8Mq3WGU=",
        "owner": "serokell",
        "repo": "deploy-rs",
        "rev": "83e0c78291cd08cb827ba0d553ad9158ae5a95c3",
        "type": "github"
      },
      "original": {
        "owner": "serokell",
        "repo": "deploy-rs",
        "type": "github"
      }
    },
    "flake-compat": {
      "flake": false,
      "locked": {
        "lastModified": 1648199409,
        "narHash": "sha256-JwPKdC2PoVBkG6E+eWw3j6BMR6sL3COpYWfif7RVb8Y=",
        "owner": "edolstra",
        "repo": "flake-compat",
        "rev": "64a525ee38886ab9028e6f61790de0832aa3ef03",
        "type": "github"
      },
      "original": {
        "owner": "edolstra",
        "repo": "flake-compat",
        "type": "github"
      }
    },
    "flake-utils": {
      "locked": {
        "lastModified": 1610051610,
        "narHash": "sha256-U9rPz/usA1/Aohhk7Cmc2gBrEEKRzcW4nwPWMPwja4Y=",
        "owner": "numtide",
        "repo": "flake-utils",
        "rev": "3982c9903e93927c2164caa727cd3f6a0e6d14cc",
        "type": "github"
      },
      "original": {
        "owner": "numtide",
        "repo": "flake-utils",
        "type": "github"
      }
    },
    "flake-utils_2": {
      "locked": {
        "lastModified": 1648297722,
        "narHash": "sha256-W+qlPsiZd8F3XkzXOzAoR+mpFqzm3ekQkJNa+PIh1BQ=",
        "owner": "numtide",
        "repo": "flake-utils",
        "rev": "0f8662f1319ad6abf89b3380dd2722369fc51ade",
        "type": "github"
      },
      "original": {
        "owner": "numtide",
        "repo": "flake-utils",
        "type": "github"
      }
    },
    "home-manager": {
      "inputs": {
        "nixpkgs": [
          "nixpkgs"
        ]
      },
      "locked": {
        "lastModified": 1649392573,
        "narHash": "sha256-dCPEJZzExz2+i7AjUuViZUgHC+JXDlBBG/IzuSYWCh8=",
        "owner": "nix-community",
        "repo": "home-manager",
        "rev": "f911ebbec927e8e9b582f2e32e2b35f730074cfc",
        "type": "github"
      },
      "original": {
        "owner": "nix-community",
        "repo": "home-manager",
        "type": "github"
      }
    },
    "nixos-hardware": {
      "locked": {
        "lastModified": 1649401245,
        "narHash": "sha256-mce0dpugKD9qgFgzloE2yoYJRD6Bvsy2QDzODpXMsss=",
        "owner": "nixos",
        "repo": "nixos-hardware",
        "rev": "ddeb6a0aa430914674d6f0bc1646cf11e799a5bb",
        "type": "github"
      },
      "original": {
        "owner": "nixos",
        "repo": "nixos-hardware",
        "type": "github"
      }
    },
    "nixpkgs": {
      "locked": {
        "lastModified": 1649418399,
        "narHash": "sha256-eFC2KJ9d7S8HaqcEAr/R8lWoBz0KGNDOaBsYWalJPdk=",
        "owner": "nixos",
        "repo": "nixpkgs",
        "rev": "77843aaf9d4f97a424a6248f0298ff41846e0338",
        "type": "github"
      },
      "original": {
        "owner": "nixos",
        "ref": "nixos-unstable-small",
        "repo": "nixpkgs",
        "type": "github"
      }
    },
    "nur": {
      "locked": {
        "lastModified": 1649420545,
        "narHash": "sha256-4ToJtr0m22cTaYmF5uSPm2IKieXCCbcv3vB/njrY8/g=",
        "owner": "nix-community",
        "repo": "NUR",
        "rev": "2a531b3ae63276d9054f861f71b7f66c95c2b0ec",
        "type": "github"
      },
      "original": {
        "owner": "nix-community",
        "repo": "NUR",
        "type": "github"
      }
    },
    "root": {
      "inputs": {
        "base16": "base16",
        "darwin": "darwin",
        "deploy-rs": "deploy-rs",
        "flake-utils": "flake-utils_2",
        "home-manager": "home-manager",
        "nixos-hardware": "nixos-hardware",
        "nixpkgs": "nixpkgs",
        "nur": "nur",
        "sops-nix": "sops-nix"
      }
    },
    "sops-nix": {
      "inputs": {
        "nixpkgs": [
          "nixpkgs"
        ]
      },
      "locked": {
        "lastModified": 1647279403,
        "narHash": "sha256-ZsHfMah9+TElcjaENsaOIFHBNNtSbXmyLFVbiJiAECs=",
        "owner": "Mic92",
        "repo": "sops-nix",
        "rev": "c01f48b055ac776f9831c9d4a0fff83e3b74dbe3",
        "type": "github"
      },
      "original": {
        "owner": "Mic92",
        "repo": "sops-nix",
        "type": "github"
      }
    },
    "utils": {
      "locked": {
        "lastModified": 1648297722,
        "narHash": "sha256-W+qlPsiZd8F3XkzXOzAoR+mpFqzm3ekQkJNa+PIh1BQ=",
        "owner": "numtide",
        "repo": "flake-utils",
        "rev": "0f8662f1319ad6abf89b3380dd2722369fc51ade",
        "type": "github"
      },
      "original": {
        "owner": "numtide",
        "repo": "flake-utils",
        "type": "github"
      }
    }
  },
  "root": "root",
  "version": 7
}
