{
  "nodes": {
    "base16": {
      "inputs": {
        "nixpkgs": [
          "nixpkgs"
        ]
      },
      "locked": {
        "lastModified": 1656262550,
        "narHash": "sha256-q7olpOMV5829fDpdjA18QO0opk4ClvRYluugS6//hoA=",
        "owner": "SenchoPens",
        "repo": "base16.nix",
        "rev": "e8d6be0aeed63908c1851c47192b74abb0254a44",
        "type": "github"
      },
      "original": {
        "owner": "SenchoPens",
        "repo": "base16.nix",
        "type": "github"
      }
    },
    "base16-alacritty": {
      "flake": false,
      "locked": {
        "lastModified": 1617644576,
        "narHash": "sha256-oDsuiKx8gt+Ov7hZ9PibIQtE81IRSLO+n5N99WeiK34=",
        "owner": "aarowill",
        "repo": "base16-alacritty",
        "rev": "914727e48ebf3eab1574e23ca0db0ecd0e5fe9d0",
        "type": "github"
      },
      "original": {
        "owner": "aarowill",
        "repo": "base16-alacritty",
        "type": "github"
      }
    },
    "base16-onedark-scheme": {
      "flake": false,
      "locked": {
        "lastModified": 1475880966,
        "narHash": "sha256-4yQakcNSvp6PudckwppgVuELjDQkQAzk2kcsd3ONj50=",
        "owner": "LalitMaganti",
        "repo": "base16-onedark-scheme",
        "rev": "2e863b1e18d5b67495506dde493d416d45caf823",
        "type": "github"
      },
      "original": {
        "owner": "LalitMaganti",
        "repo": "base16-onedark-scheme",
        "type": "github"
      }
    },
    "base16-rofi": {
      "flake": false,
      "locked": {
        "lastModified": 1641693146,
        "narHash": "sha256-rqHqb5NYycK0roqfsZXZ+9eSsq5763p+C5zRPp1GBpE=",
        "owner": "jordiorlando",
        "repo": "base16-rofi",
        "rev": "fbe876f7f75c25f27b6bc5b0572414827ee106b5",
        "type": "github"
      },
      "original": {
        "owner": "jordiorlando",
        "repo": "base16-rofi",
        "type": "github"
      }
    },
    "base16-textmate": {
      "flake": false,
      "locked": {
        "lastModified": 1657092040,
        "narHash": "sha256-/FVXF59xcC3Hjg44SeBVwp+tgKXI1KdptzwIQOTbuJU=",
        "owner": "chriskempson",
        "repo": "base16-textmate",
        "rev": "f7f3ee701076d2a01e933db2ce711d2a2bee23fb",
        "type": "github"
      },
      "original": {
        "owner": "chriskempson",
        "repo": "base16-textmate",
        "type": "github"
      }
    },
    "base16-tmux": {
      "flake": false,
      "locked": {
        "lastModified": 1657611437,
        "narHash": "sha256-97KBJ3I0z13q8kcl827bVUWuxThkPciRmYk7aU+UxmY=",
        "owner": "mattdavis90",
        "repo": "base16-tmux",
        "rev": "4326c3123b18626ba01a773856f1a6803cb2453c",
        "type": "github"
      },
      "original": {
        "owner": "mattdavis90",
        "repo": "base16-tmux",
        "type": "github"
      }
    },
    "base16-vim": {
      "flake": false,
      "locked": {
        "lastModified": 1657268186,
        "narHash": "sha256-Hxr9lmEeO+OBEnD6tqFNhc0q9FEa6GLWWdAlluwTyNo=",
        "owner": "chriskempson",
        "repo": "base16-vim",
        "rev": "c156b909af619cdd097d8d1e2cd1dce1f45dfba1",
        "type": "github"
      },
      "original": {
        "owner": "chriskempson",
        "repo": "base16-vim",
        "type": "github"
      }
    },
    "base16-zathura": {
      "flake": false,
      "locked": {
        "lastModified": 1643130739,
        "narHash": "sha256-nVJoygnytYN40VHXpAFwO7ruVbaSydeR547MU45VSuY=",
        "owner": "haozeke",
        "repo": "base16-zathura",
        "rev": "9f148b4001dc67d399e645919225943d47e50125",
        "type": "github"
      },
      "original": {
        "owner": "haozeke",
        "repo": "base16-zathura",
        "type": "github"
      }
    },
    "darwin": {
      "inputs": {
        "nixpkgs": [
          "nixpkgs"
        ]
      },
      "locked": {
        "lastModified": 1651916036,
        "narHash": "sha256-UuD9keUGm4IuVEV6wdSYbuRm7CwfXE63hVkzKDjVsh4=",
        "owner": "LnL7",
        "repo": "nix-darwin",
        "rev": "2f2bdf658d2b79bada78dc914af99c53cad37cba",
        "type": "github"
      },
      "original": {
        "owner": "LnL7",
        "repo": "nix-darwin",
        "type": "github"
      }
    },
    "deploy-rs": {
      "inputs": {
        "flake-compat": "flake-compat",
        "nixpkgs": [
          "nixpkgs"
        ],
        "utils": "utils"
      },
      "locked": {
        "lastModified": 1653594315,
        "narHash": "sha256-kJ0ENmnQJ4qL2FeYKZba9kvv1KmIuB3NVpBwMeI7AJQ=",
        "owner": "serokell",
        "repo": "deploy-rs",
        "rev": "184349d8149436748986d1bdba087e4149e9c160",
        "type": "github"
      },
      "original": {
        "owner": "serokell",
        "repo": "deploy-rs",
        "type": "github"
      }
    },
    "flake-compat": {
      "flake": false,
      "locked": {
        "lastModified": 1648199409,
        "narHash": "sha256-JwPKdC2PoVBkG6E+eWw3j6BMR6sL3COpYWfif7RVb8Y=",
        "owner": "edolstra",
        "repo": "flake-compat",
        "rev": "64a525ee38886ab9028e6f61790de0832aa3ef03",
        "type": "github"
      },
      "original": {
        "owner": "edolstra",
        "repo": "flake-compat",
        "type": "github"
      }
    },
    "flake-utils": {
      "locked": {
        "lastModified": 1656928814,
        "narHash": "sha256-RIFfgBuKz6Hp89yRr7+NR5tzIAbn52h8vT6vXkYjZoM=",
        "owner": "numtide",
        "repo": "flake-utils",
        "rev": "7e2a3b3dfd9af950a856d66b0a7d01e3c18aa249",
        "type": "github"
      },
      "original": {
        "owner": "numtide",
        "repo": "flake-utils",
        "type": "github"
      }
    },
    "flake-utils_2": {
      "locked": {
        "lastModified": 1656065134,
        "narHash": "sha256-oc6E6ByIw3oJaIyc67maaFcnjYOz1mMcOtHxbEf9NwQ=",
        "owner": "numtide",
        "repo": "flake-utils",
        "rev": "bee6a7250dd1b01844a2de7e02e4df7d8a0a206c",
        "type": "github"
      },
      "original": {
        "owner": "numtide",
        "repo": "flake-utils",
        "type": "github"
      }
    },
    "home-manager": {
      "inputs": {
        "nixpkgs": [
          "nixpkgs"
        ],
        "utils": "utils_2"
      },
      "locked": {
        "lastModified": 1657719085,
        "narHash": "sha256-nQt3MEBwKuKlmFKSRhdoh60AGlc+YlspV5e8kO/3y8U=",
        "owner": "nix-community",
        "repo": "home-manager",
        "rev": "2c94b9801f1a11cde0fc97aa850687bb9137d42c",
        "type": "github"
      },
      "original": {
        "owner": "nix-community",
        "repo": "home-manager",
        "type": "github"
      }
    },
    "nixos-hardware": {
      "locked": {
        "lastModified": 1657738886,
        "narHash": "sha256-lmAcczi6xyyNhrUcOaStekilDcS8e5tWB9ycwUFv/mQ=",
        "owner": "nixos",
        "repo": "nixos-hardware",
        "rev": "14e9f7298c4201566a4597560d7e141d9ff402cf",
        "type": "github"
      },
      "original": {
        "owner": "nixos",
        "repo": "nixos-hardware",
        "type": "github"
      }
    },
    "nixpkgs": {
      "locked": {
        "lastModified": 1657425264,
        "narHash": "sha256-3aHvoI2e8vJKw3hvnHECaBpSsL5mxVsVtaLCnTdNcH8=",
        "owner": "nixos",
        "repo": "nixpkgs",
        "rev": "de5b3dd17034e6106e75746e81618e5bd408de8a",
        "type": "github"
      },
      "original": {
        "owner": "nixos",
        "ref": "nixos-unstable-small",
        "repo": "nixpkgs",
        "type": "github"
      }
    },
    "nixpkgs-22_05": {
      "locked": {
        "lastModified": 1657399715,
        "narHash": "sha256-7YX+I8FP3/iJTRs33VhIbdx91YWlZQf8zaEEeM97964=",
        "owner": "NixOS",
        "repo": "nixpkgs",
        "rev": "0ad6eae04953060dff8ba28af158799c3e13878d",
        "type": "github"
      },
      "original": {
        "owner": "NixOS",
        "ref": "release-22.05",
        "repo": "nixpkgs",
        "type": "github"
      }
    },
    "nur": {
      "locked": {
        "lastModified": 1657743116,
        "narHash": "sha256-yq1524ASbaPB9rP7AKY6lbqI/Dl9T0l6AW8Y70kRw9c=",
        "owner": "nix-community",
        "repo": "NUR",
        "rev": "245a352bf49508ff2d29bc083b95172c5c59b5fb",
        "type": "github"
      },
      "original": {
        "owner": "nix-community",
        "repo": "NUR",
        "type": "github"
      }
    },
    "root": {
      "inputs": {
        "base16": "base16",
        "base16-alacritty": "base16-alacritty",
        "base16-onedark-scheme": "base16-onedark-scheme",
        "base16-rofi": "base16-rofi",
        "base16-textmate": "base16-textmate",
        "base16-tmux": "base16-tmux",
        "base16-vim": "base16-vim",
        "base16-zathura": "base16-zathura",
        "darwin": "darwin",
        "deploy-rs": "deploy-rs",
        "flake-utils": "flake-utils",
        "home-manager": "home-manager",
        "nixos-hardware": "nixos-hardware",
        "nixpkgs": "nixpkgs",
        "nur": "nur",
        "rust-overlay": "rust-overlay",
        "sops-nix": "sops-nix"
      }
    },
    "rust-overlay": {
      "inputs": {
        "flake-utils": "flake-utils_2",
        "nixpkgs": [
          "nixpkgs"
        ]
      },
      "locked": {
        "lastModified": 1657680648,
        "narHash": "sha256-UkH8lVSlNX22apOqnuyEtQPtuhL+XOPWQVG5dsgLamA=",
        "owner": "oxalica",
        "repo": "rust-overlay",
        "rev": "3034ea450bdd5c2f7d9a8b2d7fd7c258f09113e7",
        "type": "github"
      },
      "original": {
        "owner": "oxalica",
        "repo": "rust-overlay",
        "type": "github"
      }
    },
    "sops-nix": {
      "inputs": {
        "nixpkgs": [
          "nixpkgs"
        ],
        "nixpkgs-22_05": "nixpkgs-22_05"
      },
      "locked": {
        "lastModified": 1657695756,
        "narHash": "sha256-5eeq7Itk9gMK6E5u3IrooFd3KswlheIO/L2Cs7Wwj9k=",
        "owner": "Mic92",
        "repo": "sops-nix",
        "rev": "912514e60a6e0227d6a2e0ecc8524752337fcde2",
        "type": "github"
      },
      "original": {
        "owner": "Mic92",
        "repo": "sops-nix",
        "type": "github"
      }
    },
    "utils": {
      "locked": {
        "lastModified": 1648297722,
        "narHash": "sha256-W+qlPsiZd8F3XkzXOzAoR+mpFqzm3ekQkJNa+PIh1BQ=",
        "owner": "numtide",
        "repo": "flake-utils",
        "rev": "0f8662f1319ad6abf89b3380dd2722369fc51ade",
        "type": "github"
      },
      "original": {
        "owner": "numtide",
        "repo": "flake-utils",
        "type": "github"
      }
    },
    "utils_2": {
      "locked": {
        "lastModified": 1653893745,
        "narHash": "sha256-0jntwV3Z8//YwuOjzhV2sgJJPt+HY6KhU7VZUL0fKZQ=",
        "owner": "numtide",
        "repo": "flake-utils",
        "rev": "1ed9fb1935d260de5fe1c2f7ee0ebaae17ed2fa1",
        "type": "github"
      },
      "original": {
        "owner": "numtide",
        "repo": "flake-utils",
        "type": "github"
      }
    }
  },
  "root": "root",
  "version": 7
}
